
Microsoft Visual Studio Solution File, Format Version 12.00
# Visual Studio Version 17
VisualStudioVersion = 17.5.33502.453
MinimumVisualStudioVersion = 10.0.40219.1
Project("{2150E333-8FDC-42A3-9474-1A3956D46DE8}") = "Backend", "Backend", "{530A97CA-C605-4FFA-A0BA-11390CF54EDF}"
EndProject
Project("{2150E333-8FDC-42A3-9474-1A3956D46DE8}") = "Frontend", "Frontend", "{597B9BF0-EFBC-4C00-B908-41CABCFA507B}"
EndProject
Project("{9A19103F-16F7-4668-BE54-9A1E7A4F7556}") = "TicketSystem.Backend", "Backend\TicketSystem.Backend\TicketSystem.Backend.csproj", "{31F1D6E9-78C5-4BF0-9A57-A2E6B842EFEF}"
EndProject
Project("{9A19103F-16F7-4668-BE54-9A1E7A4F7556}") = "TicketSystem.Database", "Backend\TicketSystem.Database\TicketSystem.Database.csproj", "{E6A45493-9EAD-4B79-B5BB-9776E8564B51}"
EndProject
Project("{9A19103F-16F7-4668-BE54-9A1E7A4F7556}") = "TicketSystem.Desktop", "Frontend\Desktop\TicketSystem.Desktop.csproj", "{5A7034CF-9C07-4902-AD93-FB76055B8F00}"
EndProject
Project("{2150E333-8FDC-42A3-9474-1A3956D46DE8}") = "Desktop", "Desktop", "{B63BA0D2-E629-4F64-B365-2CA45F40B18C}"
EndProject
Global
	GlobalSection(SolutionConfigurationPlatforms) = preSolution
		Debug|Any CPU = Debug|Any CPU
		Release|Any CPU = Release|Any CPU
	EndGlobalSection
	GlobalSection(ProjectConfigurationPlatforms) = postSolution
		{31F1D6E9-78C5-4BF0-9A57-A2E6B842EFEF}.Debug|Any CPU.ActiveCfg = Debug|Any CPU
		{31F1D6E9-78C5-4BF0-9A57-A2E6B842EFEF}.Debug|Any CPU.Build.0 = Debug|Any CPU
		{31F1D6E9-78C5-4BF0-9A57-A2E6B842EFEF}.Release|Any CPU.ActiveCfg = Release|Any CPU
		{31F1D6E9-78C5-4BF0-9A57-A2E6B842EFEF}.Release|Any CPU.Build.0 = Release|Any CPU
		{E6A45493-9EAD-4B79-B5BB-9776E8564B51}.Debug|Any CPU.ActiveCfg = Debug|Any CPU
		{E6A45493-9EAD-4B79-B5BB-9776E8564B51}.Debug|Any CPU.Build.0 = Debug|Any CPU
		{E6A45493-9EAD-4B79-B5BB-9776E8564B51}.Release|Any CPU.ActiveCfg = Release|Any CPU
		{E6A45493-9EAD-4B79-B5BB-9776E8564B51}.Release|Any CPU.Build.0 = Release|Any CPU
		{5A7034CF-9C07-4902-AD93-FB76055B8F00}.Debug|Any CPU.ActiveCfg = Debug|Any CPU
		{5A7034CF-9C07-4902-AD93-FB76055B8F00}.Debug|Any CPU.Build.0 = Debug|Any CPU
		{5A7034CF-9C07-4902-AD93-FB76055B8F00}.Release|Any CPU.ActiveCfg = Release|Any CPU
		{5A7034CF-9C07-4902-AD93-FB76055B8F00}.Release|Any CPU.Build.0 = Release|Any CPU
	EndGlobalSection
	GlobalSection(SolutionProperties) = preSolution
		HideSolutionNode = FALSE
	EndGlobalSection
	GlobalSection(NestedProjects) = preSolution
		{31F1D6E9-78C5-4BF0-9A57-A2E6B842EFEF} = {530A97CA-C605-4FFA-A0BA-11390CF54EDF}
		{E6A45493-9EAD-4B79-B5BB-9776E8564B51} = {530A97CA-C605-4FFA-A0BA-11390CF54EDF}
		{5A7034CF-9C07-4902-AD93-FB76055B8F00} = {B63BA0D2-E629-4F64-B365-2CA45F40B18C}
		{B63BA0D2-E629-4F64-B365-2CA45F40B18C} = {597B9BF0-EFBC-4C00-B908-41CABCFA507B}
	EndGlobalSection
	GlobalSection(ExtensibilityGlobals) = postSolution
		SolutionGuid = {19269429-F263-4097-B682-7FA20BE41FA9}
	EndGlobalSection
EndGlobal
